
Microsoft Visual Studio Solution File, Format Version 12.00
# Visual Studio Version 17
VisualStudioVersion = 17.1.32328.378
MinimumVisualStudioVersion = 10.0.40219.1
Project("{FAE04EC0-301F-11D3-BF4B-00C04F79EFBC}") = "DropDown", "DropDown\DropDown.csproj", "{DC5C6A11-CE6A-4415-94A7-20150FB7A38C}"
EndProject
Global
	GlobalSection(SolutionConfigurationPlatforms) = preSolution
		Debug|Any CPU = Debug|Any CPU
		Release|Any CPU = Release|Any CPU
	EndGlobalSection
	GlobalSection(ProjectConfigurationPlatforms) = postSolution
		{DC5C6A11-CE6A-4415-94A7-20150FB7A38C}.Debug|Any CPU.ActiveCfg = Debug|Any CPU
		{DC5C6A11-CE6A-4415-94A7-20150FB7A38C}.Debug|Any CPU.Build.0 = Debug|Any CPU
		{DC5C6A11-CE6A-4415-94A7-20150FB7A38C}.Release|Any CPU.ActiveCfg = Release|Any CPU
		{DC5C6A11-CE6A-4415-94A7-20150FB7A38C}.Release|Any CPU.Build.0 = Release|Any CPU
	EndGlobalSection
	GlobalSection(SolutionProperties) = preSolution
		HideSolutionNode = FALSE
	EndGlobalSection
	GlobalSection(ExtensibilityGlobals) = postSolution
		SolutionGuid = {8B2A71F5-DC2D-4C6B-9A50-32A3256E02D3}
	EndGlobalSection
EndGlobal
